
Microsoft Visual Studio Solution File, Format Version 12.00
# Visual Studio Version 17
VisualStudioVersion = 17.4.33122.133
MinimumVisualStudioVersion = 10.0.40219.1
Project("{FAE04EC0-301F-11D3-BF4B-00C04F79EFBC}") = "BlogApp", "BlogApp\BlogApp.csproj", "{3D61D95B-8955-463D-984C-0D13AAA515B3}"
EndProject
Project("{FAE04EC0-301F-11D3-BF4B-00C04F79EFBC}") = "BlogApp.Domain", "BlogApp.Domain\BlogApp.Domain.csproj", "{03389671-FE71-4888-B17F-0D23D9BABB2C}"
EndProject
Project("{FAE04EC0-301F-11D3-BF4B-00C04F79EFBC}") = "BlogApp.DataAccess", "BlogApp.DataAccess\BlogApp.DataAccess.csproj", "{38433DDB-A407-4E24-841B-78F4B4D9218D}"
EndProject
Project("{FAE04EC0-301F-11D3-BF4B-00C04F79EFBC}") = "BlogApp.Service", "BlogApp.Service\BlogApp.Service.csproj", "{D6E5516B-C0C2-4EC2-A904-B446432A03A0}"
EndProject
Global
	GlobalSection(SolutionConfigurationPlatforms) = preSolution
		Debug|Any CPU = Debug|Any CPU
		Release|Any CPU = Release|Any CPU
	EndGlobalSection
	GlobalSection(ProjectConfigurationPlatforms) = postSolution
		{3D61D95B-8955-463D-984C-0D13AAA515B3}.Debug|Any CPU.ActiveCfg = Debug|Any CPU
		{3D61D95B-8955-463D-984C-0D13AAA515B3}.Debug|Any CPU.Build.0 = Debug|Any CPU
		{3D61D95B-8955-463D-984C-0D13AAA515B3}.Release|Any CPU.ActiveCfg = Release|Any CPU
		{3D61D95B-8955-463D-984C-0D13AAA515B3}.Release|Any CPU.Build.0 = Release|Any CPU
		{03389671-FE71-4888-B17F-0D23D9BABB2C}.Debug|Any CPU.ActiveCfg = Debug|Any CPU
		{03389671-FE71-4888-B17F-0D23D9BABB2C}.Debug|Any CPU.Build.0 = Debug|Any CPU
		{03389671-FE71-4888-B17F-0D23D9BABB2C}.Release|Any CPU.ActiveCfg = Release|Any CPU
		{03389671-FE71-4888-B17F-0D23D9BABB2C}.Release|Any CPU.Build.0 = Release|Any CPU
		{38433DDB-A407-4E24-841B-78F4B4D9218D}.Debug|Any CPU.ActiveCfg = Debug|Any CPU
		{38433DDB-A407-4E24-841B-78F4B4D9218D}.Debug|Any CPU.Build.0 = Debug|Any CPU
		{38433DDB-A407-4E24-841B-78F4B4D9218D}.Release|Any CPU.ActiveCfg = Release|Any CPU
		{38433DDB-A407-4E24-841B-78F4B4D9218D}.Release|Any CPU.Build.0 = Release|Any CPU
		{D6E5516B-C0C2-4EC2-A904-B446432A03A0}.Debug|Any CPU.ActiveCfg = Debug|Any CPU
		{D6E5516B-C0C2-4EC2-A904-B446432A03A0}.Debug|Any CPU.Build.0 = Debug|Any CPU
		{D6E5516B-C0C2-4EC2-A904-B446432A03A0}.Release|Any CPU.ActiveCfg = Release|Any CPU
		{D6E5516B-C0C2-4EC2-A904-B446432A03A0}.Release|Any CPU.Build.0 = Release|Any CPU
	EndGlobalSection
	GlobalSection(SolutionProperties) = preSolution
		HideSolutionNode = FALSE
	EndGlobalSection
	GlobalSection(ExtensibilityGlobals) = postSolution
		SolutionGuid = {37B623FD-7309-4ACE-B45C-4746318CECDF}
	EndGlobalSection
EndGlobal
